
Microsoft Visual Studio Solution File, Format Version 12.00
# Visual Studio 2013
VisualStudioVersion = 12.0.31101.0
MinimumVisualStudioVersion = 10.0.40219.1
Project("{FAE04EC0-301F-11D3-BF4B-00C04F79EFBC}") = "FreakingAwesome.Caching", "FreakingAwesome.Caching\FreakingAwesome.Caching.csproj", "{E0B0C7BD-393F-4776-8A26-50513B9923DE}"
EndProject
Project("{FAE04EC0-301F-11D3-BF4B-00C04F79EFBC}") = "FreakingAwesome.Caching.Tests", "FreakingAwesome.Caching.Tests\FreakingAwesome.Caching.Tests.csproj", "{7FD4EA13-40FC-4BCF-9DDC-38C68C2E4726}"
EndProject
Project("{FAE04EC0-301F-11D3-BF4B-00C04F79EFBC}") = "FreakingAwesome.Caching.Redis", "FreakingAwesome.Caching.Redis\FreakingAwesome.Caching.Redis.csproj", "{99BA7FD8-0E00-40B0-A403-83AE558E130C}"
EndProject
Project("{FAE04EC0-301F-11D3-BF4B-00C04F79EFBC}") = "FreakingAwesome.Caching.Redis.Tests", "FreakingAwesome.Caching.Redis.Tests\FreakingAwesome.Caching.Redis.Tests.csproj", "{AAA6771C-6ECD-492F-9CF2-AF9884D5357E}"
EndProject
Project("{2150E333-8FDC-42A3-9474-1A3956D46DE8}") = "Shared", "Shared", "{72F17A35-08E5-40FD-86DE-D75F362DBD8D}"
	ProjectSection(SolutionItems) = preProject
		SharedVersioning.cs = SharedVersioning.cs
	EndProjectSection
EndProject
Global
	GlobalSection(SolutionConfigurationPlatforms) = preSolution
		Debug|Any CPU = Debug|Any CPU
		Release|Any CPU = Release|Any CPU
	EndGlobalSection
	GlobalSection(ProjectConfigurationPlatforms) = postSolution
		{E0B0C7BD-393F-4776-8A26-50513B9923DE}.Debug|Any CPU.ActiveCfg = Debug|Any CPU
		{E0B0C7BD-393F-4776-8A26-50513B9923DE}.Debug|Any CPU.Build.0 = Debug|Any CPU
		{E0B0C7BD-393F-4776-8A26-50513B9923DE}.Release|Any CPU.ActiveCfg = Release|Any CPU
		{E0B0C7BD-393F-4776-8A26-50513B9923DE}.Release|Any CPU.Build.0 = Release|Any CPU
		{7FD4EA13-40FC-4BCF-9DDC-38C68C2E4726}.Debug|Any CPU.ActiveCfg = Debug|Any CPU
		{7FD4EA13-40FC-4BCF-9DDC-38C68C2E4726}.Debug|Any CPU.Build.0 = Debug|Any CPU
		{7FD4EA13-40FC-4BCF-9DDC-38C68C2E4726}.Release|Any CPU.ActiveCfg = Release|Any CPU
		{7FD4EA13-40FC-4BCF-9DDC-38C68C2E4726}.Release|Any CPU.Build.0 = Release|Any CPU
		{99BA7FD8-0E00-40B0-A403-83AE558E130C}.Debug|Any CPU.ActiveCfg = Debug|Any CPU
		{99BA7FD8-0E00-40B0-A403-83AE558E130C}.Debug|Any CPU.Build.0 = Debug|Any CPU
		{99BA7FD8-0E00-40B0-A403-83AE558E130C}.Release|Any CPU.ActiveCfg = Release|Any CPU
		{99BA7FD8-0E00-40B0-A403-83AE558E130C}.Release|Any CPU.Build.0 = Release|Any CPU
		{AAA6771C-6ECD-492F-9CF2-AF9884D5357E}.Debug|Any CPU.ActiveCfg = Debug|Any CPU
		{AAA6771C-6ECD-492F-9CF2-AF9884D5357E}.Debug|Any CPU.Build.0 = Debug|Any CPU
		{AAA6771C-6ECD-492F-9CF2-AF9884D5357E}.Release|Any CPU.ActiveCfg = Release|Any CPU
		{AAA6771C-6ECD-492F-9CF2-AF9884D5357E}.Release|Any CPU.Build.0 = Release|Any CPU
	EndGlobalSection
	GlobalSection(SolutionProperties) = preSolution
		HideSolutionNode = FALSE
	EndGlobalSection
EndGlobal
